{
  "originHash" : "547397a519209f30f91a1b8aa82b877345b60c583c9b6cae5b453c493a00a5fb",
  "pins" : [
    {
      "identity" : "swift-argument-parser",
      "kind" : "remoteSourceControl",
      "location" : "https://github.com/apple/swift-argument-parser.git",
      "state" : {
        "revision" : "0fbc8848e389af3bb55c182bc19ca9d5dc2f255b",
        "version" : "1.4.0"
      }
    }
  ],
  "version" : 3
}
